
Microsoft Visual Studio Solution File, Format Version 11.00
# Visual Studio 2010
# SharpDevelop 5.1
Project("{FAE04EC0-301F-11D3-BF4B-00C04F79EFBC}") = "AndroidRCU", "AndroidRCU.csproj", "{5742E0FC-1DCF-43E4-8B83-9A697B32F569}"
EndProject
Global
	GlobalSection(SolutionConfigurationPlatforms) = preSolution
		Debug|Any CPU = Debug|Any CPU
		Release|Any CPU = Release|Any CPU
	EndGlobalSection
	GlobalSection(ProjectConfigurationPlatforms) = postSolution
		{5742E0FC-1DCF-43E4-8B83-9A697B32F569}.Debug|Any CPU.ActiveCfg = Debug|Any CPU
		{5742E0FC-1DCF-43E4-8B83-9A697B32F569}.Debug|Any CPU.Build.0 = Debug|Any CPU
		{5742E0FC-1DCF-43E4-8B83-9A697B32F569}.Release|Any CPU.ActiveCfg = Release|Any CPU
		{5742E0FC-1DCF-43E4-8B83-9A697B32F569}.Release|Any CPU.Build.0 = Release|Any CPU
	EndGlobalSection
EndGlobal
